// !$*UTF8*$!
{
	archiveVersion = 1;
	classes = {
	};
	objectVersion = 46;
	objects = {

/* Begin PBXBuildFile section */
		21A454421920C54000B8F491 /* Foundation.framework in Frameworks */ = {isa = PBXBuildFile; fileRef = 21A454411920C54000B8F491 /* Foundation.framework */; };
		21A454441920C54000B8F491 /* CoreGraphics.framework in Frameworks */ = {isa = PBXBuildFile; fileRef = 21A454431920C54000B8F491 /* CoreGraphics.framework */; };
		21A454461920C54000B8F491 /* UIKit.framework in Frameworks */ = {isa = PBXBuildFile; fileRef = 21A454451920C54000B8F491 /* UIKit.framework */; };
		21A4544C1920C54000B8F491 /* InfoPlist.strings in Resources */ = {isa = PBXBuildFile; fileRef = 21A4544A1920C54000B8F491 /* InfoPlist.strings */; };
		21A4544E1920C54000B8F491 /* main.m in Sources */ = {isa = PBXBuildFile; fileRef = 21A4544D1920C54000B8F491 /* main.m */; };
		21A454521920C54000B8F491 /* AppDelegate.m in Sources */ = {isa = PBXBuildFile; fileRef = 21A454511920C54000B8F491 /* AppDelegate.m */; };
		21A454551920C54000B8F491 /* Main_iPhone.storyboard in Resources */ = {isa = PBXBuildFile; fileRef = 21A454531920C54000B8F491 /* Main_iPhone.storyboard */; };
		21A454581920C54000B8F491 /* Main_iPad.storyboard in Resources */ = {isa = PBXBuildFile; fileRef = 21A454561920C54000B8F491 /* Main_iPad.storyboard */; };
		21A4545B1920C54000B8F491 /* ViewController.m in Sources */ = {isa = PBXBuildFile; fileRef = 21A4545A1920C54000B8F491 /* ViewController.m */; };
		21A4545D1920C54000B8F491 /* Images.xcassets in Resources */ = {isa = PBXBuildFile; fileRef = 21A4545C1920C54000B8F491 /* Images.xcassets */; };
		21A454641920C54000B8F491 /* XCTest.framework in Frameworks */ = {isa = PBXBuildFile; fileRef = 21A454631920C54000B8F491 /* XCTest.framework */; };
		21A454651920C54000B8F491 /* Foundation.framework in Frameworks */ = {isa = PBXBuildFile; fileRef = 21A454411920C54000B8F491 /* Foundation.framework */; };
		21A454661920C54000B8F491 /* UIKit.framework in Frameworks */ = {isa = PBXBuildFile; fileRef = 21A454451920C54000B8F491 /* UIKit.framework */; };
		21A4546E1920C54000B8F491 /* InfoPlist.strings in Resources */ = {isa = PBXBuildFile; fileRef = 21A4546C1920C54000B8F491 /* InfoPlist.strings */; };
		21A454701920C54000B8F491 /* LeafScrollViewTests.m in Sources */ = {isa = PBXBuildFile; fileRef = 21A4546F1920C54000B8F491 /* LeafScrollViewTests.m */; };
/* End PBXBuildFile section */

/* Begin PBXContainerItemProxy section */
		21A454671920C54000B8F491 /* PBXContainerItemProxy */ = {
			isa = PBXContainerItemProxy;
			containerPortal = 21A454361920C53F00B8F491 /* Project object */;
			proxyType = 1;
			remoteGlobalIDString = 21A4543D1920C54000B8F491;
			remoteInfo = LeafScrollView;
		};
/* End PBXContainerItemProxy section */

/* Begin PBXFileReference section */
		21A4543E1920C54000B8F491 /* LeafScrollView.app */ = {isa = PBXFileReference; explicitFileType = wrapper.application; includeInIndex = 0; path = LeafScrollView.app; sourceTree = BUILT_PRODUCTS_DIR; };
		21A454411920C54000B8F491 /* Foundation.framework */ = {isa = PBXFileReference; lastKnownFileType = wrapper.framework; name = Foundation.framework; path = System/Library/Frameworks/Foundation.framework; sourceTree = SDKROOT; };
		21A454431920C54000B8F491 /* CoreGraphics.framework */ = {isa = PBXFileReference; lastKnownFileType = wrapper.framework; name = CoreGraphics.framework; path = System/Library/Frameworks/CoreGraphics.framework; sourceTree = SDKROOT; };
		21A454451920C54000B8F491 /* UIKit.framework */ = {isa = PBXFileReference; lastKnownFileType = wrapper.framework; name = UIKit.framework; path = System/Library/Frameworks/UIKit.framework; sourceTree = SDKROOT; };
		21A454491920C54000B8F491 /* LeafScrollView-Info.plist */ = {isa = PBXFileReference; lastKnownFileType = text.plist.xml; path = "LeafScrollView-Info.plist"; sourceTree = "<group>"; };
		21A4544B1920C54000B8F491 /* en */ = {isa = PBXFileReference; lastKnownFileType = text.plist.strings; name = en; path = en.lproj/InfoPlist.strings; sourceTree = "<group>"; };
		21A4544D1920C54000B8F491 /* main.m */ = {isa = PBXFileReference; lastKnownFileType = sourcecode.c.objc; path = main.m; sourceTree = "<group>"; };
		21A4544F1920C54000B8F491 /* LeafScrollView-Prefix.pch */ = {isa = PBXFileReference; lastKnownFileType = sourcecode.c.h; path = "LeafScrollView-Prefix.pch"; sourceTree = "<group>"; };
		21A454501920C54000B8F491 /* AppDelegate.h */ = {isa = PBXFileReference; lastKnownFileType = sourcecode.c.h; path = AppDelegate.h; sourceTree = "<group>"; };
		21A454511920C54000B8F491 /* AppDelegate.m */ = {isa = PBXFileReference; lastKnownFileType = sourcecode.c.objc; path = AppDelegate.m; sourceTree = "<group>"; };
		21A454541920C54000B8F491 /* Base */ = {isa = PBXFileReference; lastKnownFileType = file.storyboard; name = Base; path = Base.lproj/Main_iPhone.storyboard; sourceTree = "<group>"; };
		21A454571920C54000B8F491 /* Base */ = {isa = PBXFileReference; lastKnownFileType = file.storyboard; name = Base; path = Base.lproj/Main_iPad.storyboard; sourceTree = "<group>"; };
		21A454591920C54000B8F491 /* ViewController.h */ = {isa = PBXFileReference; lastKnownFileType = sourcecode.c.h; path = ViewController.h; sourceTree = "<group>"; };
		21A4545A1920C54000B8F491 /* ViewController.m */ = {isa = PBXFileReference; lastKnownFileType = sourcecode.c.objc; path = ViewController.m; sourceTree = "<group>"; };
		21A4545C1920C54000B8F491 /* Images.xcassets */ = {isa = PBXFileReference; lastKnownFileType = folder.assetcatalog; path = Images.xcassets; sourceTree = "<group>"; };
		21A454621920C54000B8F491 /* LeafScrollViewTests.xctest */ = {isa = PBXFileReference; explicitFileType = wrapper.cfbundle; includeInIndex = 0; path = LeafScrollViewTests.xctest; sourceTree = BUILT_PRODUCTS_DIR; };
		21A454631920C54000B8F491 /* XCTest.framework */ = {isa = PBXFileReference; lastKnownFileType = wrapper.framework; name = XCTest.framework; path = Library/Frameworks/XCTest.framework; sourceTree = DEVELOPER_DIR; };
		21A4546B1920C54000B8F491 /* LeafScrollViewTests-Info.plist */ = {isa = PBXFileReference; lastKnownFileType = text.plist.xml; path = "LeafScrollViewTests-Info.plist"; sourceTree = "<group>"; };
		21A4546D1920C54000B8F491 /* en */ = {isa = PBXFileReference; lastKnownFileType = text.plist.strings; name = en; path = en.lproj/InfoPlist.strings; sourceTree = "<group>"; };
		21A4546F1920C54000B8F491 /* LeafScrollViewTests.m */ = {isa = PBXFileReference; lastKnownFileType = sourcecode.c.objc; path = LeafScrollViewTests.m; sourceTree = "<group>"; };
/* End PBXFileReference section */

/* Begin PBXFrameworksBuildPhase section */
		21A4543B1920C54000B8F491 /* Frameworks */ = {
			isa = PBXFrameworksBuildPhase;
			buildActionMask = 2147483647;
			files = (
				21A454441920C54000B8F491 /* CoreGraphics.framework in Frameworks */,
				21A454461920C54000B8F491 /* UIKit.framework in Frameworks */,
				21A454421920C54000B8F491 /* Foundation.framework in Frameworks */,
			);
			runOnlyForDeploymentPostprocessing = 0;
		};
		21A4545F1920C54000B8F491 /* Frameworks */ = {
			isa = PBXFrameworksBuildPhase;
			buildActionMask = 2147483647;
			files = (
				21A454641920C54000B8F491 /* XCTest.framework in Frameworks */,
				21A454661920C54000B8F491 /* UIKit.framework in Frameworks */,
				21A454651920C54000B8F491 /* Foundation.framework in Frameworks */,
			);
			runOnlyForDeploymentPostprocessing = 0;
		};
/* End PBXFrameworksBuildPhase section */

/* Begin PBXGroup section */
		21A454351920C53F00B8F491 = {
			isa = PBXGroup;
			children = (
				21A454471920C54000B8F491 /* LeafScrollView */,
				21A454691920C54000B8F491 /* LeafScrollViewTests */,
				21A454401920C54000B8F491 /* Frameworks */,
				21A4543F1920C54000B8F491 /* Products */,
			);
			sourceTree = "<group>";
		};
		21A4543F1920C54000B8F491 /* Products */ = {
			isa = PBXGroup;
			children = (
				21A4543E1920C54000B8F491 /* LeafScrollView.app */,
				21A454621920C54000B8F491 /* LeafScrollViewTests.xctest */,
			);
			name = Products;
			sourceTree = "<group>";
		};
		21A454401920C54000B8F491 /* Frameworks */ = {
			isa = PBXGroup;
			children = (
				21A454411920C54000B8F491 /* Foundation.framework */,
				21A454431920C54000B8F491 /* CoreGraphics.framework */,
				21A454451920C54000B8F491 /* UIKit.framework */,
				21A454631920C54000B8F491 /* XCTest.framework */,
			);
			name = Frameworks;
			sourceTree = "<group>";
		};
		21A454471920C54000B8F491 /* LeafScrollView */ = {
			isa = PBXGroup;
			children = (
				21A454501920C54000B8F491 /* AppDelegate.h */,
				21A454511920C54000B8F491 /* AppDelegate.m */,
				21A454531920C54000B8F491 /* Main_iPhone.storyboard */,
				21A454561920C54000B8F491 /* Main_iPad.storyboard */,
				21A454591920C54000B8F491 /* ViewController.h */,
				21A4545A1920C54000B8F491 /* ViewController.m */,
				21A4545C1920C54000B8F491 /* Images.xcassets */,
				21A454481920C54000B8F491 /* Supporting Files */,
			);
			path = LeafScrollView;
			sourceTree = "<group>";
		};
		21A454481920C54000B8F491 /* Supporting Files */ = {
			isa = PBXGroup;
			children = (
				21A454491920C54000B8F491 /* LeafScrollView-Info.plist */,
				21A4544A1920C54000B8F491 /* InfoPlist.strings */,
				21A4544D1920C54000B8F491 /* main.m */,
				21A4544F1920C54000B8F491 /* LeafScrollView-Prefix.pch */,
			);
			name = "Supporting Files";
			sourceTree = "<group>";
		};
		21A454691920C54000B8F491 /* LeafScrollViewTests */ = {
			isa = PBXGroup;
			children = (
				21A4546F1920C54000B8F491 /* LeafScrollViewTests.m */,
				21A4546A1920C54000B8F491 /* Supporting Files */,
			);
			path = LeafScrollViewTests;
			sourceTree = "<group>";
		};
		21A4546A1920C54000B8F491 /* Supporting Files */ = {
			isa = PBXGroup;
			children = (
				21A4546B1920C54000B8F491 /* LeafScrollViewTests-Info.plist */,
				21A4546C1920C54000B8F491 /* InfoPlist.strings */,
			);
			name = "Supporting Files";
			sourceTree = "<group>";
		};
/* End PBXGroup section */

/* Begin PBXNativeTarget section */
		21A4543D1920C54000B8F491 /* LeafScrollView */ = {
			isa = PBXNativeTarget;
			buildConfigurationList = 21A454731920C54000B8F491 /* Build configuration list for PBXNativeTarget "LeafScrollView" */;
			buildPhases = (
				21A4543A1920C54000B8F491 /* Sources */,
				21A4543B1920C54000B8F491 /* Frameworks */,
				21A4543C1920C54000B8F491 /* Resources */,
			);
			buildRules = (
			);
			dependencies = (
			);
			name = LeafScrollView;
			productName = LeafScrollView;
			productReference = 21A4543E1920C54000B8F491 /* LeafScrollView.app */;
			productType = "com.apple.product-type.application";
		};
		21A454611920C54000B8F491 /* LeafScrollViewTests */ = {
			isa = PBXNativeTarget;
			buildConfigurationList = 21A454761920C54000B8F491 /* Build configuration list for PBXNativeTarget "LeafScrollViewTests" */;
			buildPhases = (
				21A4545E1920C54000B8F491 /* Sources */,
				21A4545F1920C54000B8F491 /* Frameworks */,
				21A454601920C54000B8F491 /* Resources */,
			);
			buildRules = (
			);
			dependencies = (
				21A454681920C54000B8F491 /* PBXTargetDependency */,
			);
			name = LeafScrollViewTests;
			productName = LeafScrollViewTests;
			productReference = 21A454621920C54000B8F491 /* LeafScrollViewTests.xctest */;
			productType = "com.apple.product-type.bundle.unit-test";
		};
/* End PBXNativeTarget section */

/* Begin PBXProject section */
		21A454361920C53F00B8F491 /* Project object */ = {
			isa = PBXProject;
			attributes = {
				LastUpgradeCheck = 0510;
				ORGANIZATIONNAME = "___FULLUSERNAME___";
				TargetAttributes = {
					21A454611920C54000B8F491 = {
						TestTargetID = 21A4543D1920C54000B8F491;
					};
				};
			};
			buildConfigurationList = 21A454391920C53F00B8F491 /* Build configuration list for PBXProject "LeafScrollView" */;
			compatibilityVersion = "Xcode 3.2";
			developmentRegion = English;
			hasScannedForEncodings = 0;
			knownRegions = (
				en,
				Base,
			);
			mainGroup = 21A454351920C53F00B8F491;
			productRefGroup = 21A4543F1920C54000B8F491 /* Products */;
			projectDirPath = "";
			projectRoot = "";
			targets = (
				21A4543D1920C54000B8F491 /* LeafScrollView */,
				21A454611920C54000B8F491 /* LeafScrollViewTests */,
			);
		};
/* End PBXProject section */

/* Begin PBXResourcesBuildPhase section */
		21A4543C1920C54000B8F491 /* Resources */ = {
			isa = PBXResourcesBuildPhase;
			buildActionMask = 2147483647;
			files = (
				21A454581920C54000B8F491 /* Main_iPad.storyboard in Resources */,
				21A4545D1920C54000B8F491 /* Images.xcassets in Resources */,
				21A454551920C54000B8F491 /* Main_iPhone.storyboard in Resources */,
				21A4544C1920C54000B8F491 /* InfoPlist.strings in Resources */,
			);
			runOnlyForDeploymentPostprocessing = 0;
		};
		21A454601920C54000B8F491 /* Resources */ = {
			isa = PBXResourcesBuildPhase;
			buildActionMask = 2147483647;
			files = (
				21A4546E1920C54000B8F491 /* InfoPlist.strings in Resources */,
			);
			runOnlyForDeploymentPostprocessing = 0;
		};
/* End PBXResourcesBuildPhase section */

/* Begin PBXSourcesBuildPhase section */
		21A4543A1920C54000B8F491 /* Sources */ = {
			isa = PBXSourcesBuildPhase;
			buildActionMask = 2147483647;
			files = (
				21A4545B1920C54000B8F491 /* ViewController.m in Sources */,
				21A454521920C54000B8F491 /* AppDelegate.m in Sources */,
				21A4544E1920C54000B8F491 /* main.m in Sources */,
			);
			runOnlyForDeploymentPostprocessing = 0;
		};
		21A4545E1920C54000B8F491 /* Sources */ = {
			isa = PBXSourcesBuildPhase;
			buildActionMask = 2147483647;
			files = (
				21A454701920C54000B8F491 /* LeafScrollViewTests.m in Sources */,
			);
			runOnlyForDeploymentPostprocessing = 0;
		};
/* End PBXSourcesBuildPhase section */

/* Begin PBXTargetDependency section */
		21A454681920C54000B8F491 /* PBXTargetDependency */ = {
			isa = PBXTargetDependency;
			target = 21A4543D1920C54000B8F491 /* LeafScrollView */;
			targetProxy = 21A454671920C54000B8F491 /* PBXContainerItemProxy */;
		};
/* End PBXTargetDependency section */

/* Begin PBXVariantGroup section */
		21A4544A1920C54000B8F491 /* InfoPlist.strings */ = {
			isa = PBXVariantGroup;
			children = (
				21A4544B1920C54000B8F491 /* en */,
			);
			name = InfoPlist.strings;
			sourceTree = "<group>";
		};
		21A454531920C54000B8F491 /* Main_iPhone.storyboard */ = {
			isa = PBXVariantGroup;
			children = (
				21A454541920C54000B8F491 /* Base */,
			);
			name = Main_iPhone.storyboard;
			sourceTree = "<group>";
		};
		21A454561920C54000B8F491 /* Main_iPad.storyboard */ = {
			isa = PBXVariantGroup;
			children = (
				21A454571920C54000B8F491 /* Base */,
			);
			name = Main_iPad.storyboard;
			sourceTree = "<group>";
		};
		21A4546C1920C54000B8F491 /* InfoPlist.strings */ = {
			isa = PBXVariantGroup;
			children = (
				21A4546D1920C54000B8F491 /* en */,
			);
			name = InfoPlist.strings;
			sourceTree = "<group>";
		};
/* End PBXVariantGroup section */

/* Begin XCBuildConfiguration section */
		21A454711920C54000B8F491 /* Debug */ = {
			isa = XCBuildConfiguration;
			buildSettings = {
				ALWAYS_SEARCH_USER_PATHS = NO;
				CLANG_CXX_LANGUAGE_STANDARD = "gnu++0x";
				CLANG_CXX_LIBRARY = "libc++";
				CLANG_ENABLE_MODULES = YES;
				CLANG_ENABLE_OBJC_ARC = YES;
				CLANG_WARN_BOOL_CONVERSION = YES;
				CLANG_WARN_CONSTANT_CONVERSION = YES;
				CLANG_WARN_DIRECT_OBJC_ISA_USAGE = YES_ERROR;
				CLANG_WARN_EMPTY_BODY = YES;
				CLANG_WARN_ENUM_CONVERSION = YES;
				CLANG_WARN_INT_CONVERSION = YES;
				CLANG_WARN_OBJC_ROOT_CLASS = YES_ERROR;
				CLANG_WARN__DUPLICATE_METHOD_MATCH = YES;
				"CODE_SIGN_IDENTITY[sdk=iphoneos*]" = "iPhone Developer";
				COPY_PHASE_STRIP = NO;
				GCC_C_LANGUAGE_STANDARD = gnu99;
				GCC_DYNAMIC_NO_PIC = NO;
				GCC_OPTIMIZATION_LEVEL = 0;
				GCC_PREPROCESSOR_DEFINITIONS = (
					"DEBUG=1",
					"$(inherited)",
				);
				GCC_SYMBOLS_PRIVATE_EXTERN = NO;
				GCC_WARN_64_TO_32_BIT_CONVERSION = YES;
				GCC_WARN_ABOUT_RETURN_TYPE = YES_ERROR;
				GCC_WARN_UNDECLARED_SELECTOR = YES;
				GCC_WARN_UNINITIALIZED_AUTOS = YES_AGGRESSIVE;
				GCC_WARN_UNUSED_FUNCTION = YES;
				GCC_WARN_UNUSED_VARIABLE = YES;
				IPHONEOS_DEPLOYMENT_TARGET = 7.1;
				ONLY_ACTIVE_ARCH = YES;
				SDKROOT = iphoneos;
				TARGETED_DEVICE_FAMILY = "1,2";
			};
			name = Debug;
		};
		21A454721920C54000B8F491 /* Release */ = {
			isa = XCBuildConfiguration;
			buildSettings = {
				ALWAYS_SEARCH_USER_PATHS = NO;
				CLANG_CXX_LANGUAGE_STANDARD = "gnu++0x";
				CLANG_CXX_LIBRARY = "libc++";
				CLANG_ENABLE_MODULES = YES;
				CLANG_ENABLE_OBJC_ARC = YES;
				CLANG_WARN_BOOL_CONVERSION = YES;
				CLANG_WARN_CONSTANT_CONVERSION = YES;
				CLANG_WARN_DIRECT_OBJC_ISA_USAGE = YES_ERROR;
				CLANG_WARN_EMPTY_BODY = YES;
				CLANG_WARN_ENUM_CONVERSION = YES;
				CLANG_WARN_INT_CONVERSION = YES;
				CLANG_WARN_OBJC_ROOT_CLASS = YES_ERROR;
				CLANG_WARN__DUPLICATE_METHOD_MATCH = YES;
				"CODE_SIGN_IDENTITY[sdk=iphoneos*]" = "iPhone Developer";
				COPY_PHASE_STRIP = YES;
				ENABLE_NS_ASSERTIONS = NO;
				GCC_C_LANGUAGE_STANDARD = gnu99;
				GCC_WARN_64_TO_32_BIT_CONVERSION = YES;
				GCC_WARN_ABOUT_RETURN_TYPE = YES_ERROR;
				GCC_WARN_UNDECLARED_SELECTOR = YES;
				GCC_WARN_UNINITIALIZED_AUTOS = YES_AGGRESSIVE;
				GCC_WARN_UNUSED_FUNCTION = YES;
				GCC_WARN_UNUSED_VARIABLE = YES;
				IPHONEOS_DEPLOYMENT_TARGET = 7.1;
				SDKROOT = iphoneos;
				TARGETED_DEVICE_FAMILY = "1,2";
				VALIDATE_PRODUCT = YES;
			};
			name = Release;
		};
		21A454741920C54000B8F491 /* Debug */ = {
			isa = XCBuildConfiguration;
			buildSettings = {
				ASSETCATALOG_COMPILER_APPICON_NAME = AppIcon;
				ASSETCATALOG_COMPILER_LAUNCHIMAGE_NAME = LaunchImage;
				GCC_PRECOMPILE_PREFIX_HEADER = YES;
				GCC_PREFIX_HEADER = "LeafScrollView/LeafScrollView-Prefix.pch";
				INFOPLIST_FILE = "LeafScrollView/LeafScrollView-Info.plist";
				PRODUCT_NAME = "$(TARGET_NAME)";
				WRAPPER_EXTENSION = app;
			};
			name = Debug;
		};
		21A454751920C54000B8F491 /* Release */ = {
			isa = XCBuildConfiguration;
			buildSettings = {
				ASSETCATALOG_COMPILER_APPICON_NAME = AppIcon;
				ASSETCATALOG_COMPILER_LAUNCHIMAGE_NAME = LaunchImage;
				GCC_PRECOMPILE_PREFIX_HEADER = YES;
				GCC_PREFIX_HEADER = "LeafScrollView/LeafScrollView-Prefix.pch";
				INFOPLIST_FILE = "LeafScrollView/LeafScrollView-Info.plist";
				PRODUCT_NAME = "$(TARGET_NAME)";
				WRAPPER_EXTENSION = app;
			};
			name = Release;
		};
		21A454771920C54000B8F491 /* Debug */ = {
			isa = XCBuildConfiguration;
			buildSettings = {
				BUNDLE_LOADER = "$(BUILT_PRODUCTS_DIR)/LeafScrollView.app/LeafScrollView";
				FRAMEWORK_SEARCH_PATHS = (
					"$(SDKROOT)/Developer/Library/Frameworks",
					"$(inherited)",
					"$(DEVELOPER_FRAMEWORKS_DIR)",
				);
				GCC_PRECOMPILE_PREFIX_HEADER = YES;
				GCC_PREFIX_HEADER = "LeafScrollView/LeafScrollView-Prefix.pch";
				GCC_PREPROCESSOR_DEFINITIONS = (
					"DEBUG=1",
					"$(inherited)",
				);
				INFOPLIST_FILE = "LeafScrollViewTests/LeafScrollViewTests-Info.plist";
				PRODUCT_NAME = "$(TARGET_NAME)";
				TEST_HOST = "$(BUNDLE_LOADER)";
				WRAPPER_EXTENSION = xctest;
			};
			name = Debug;
		};
		21A454781920C54000B8F491 /* Release */ = {
			isa = XCBuildConfiguration;
			buildSettings = {
				BUNDLE_LOADER = "$(BUILT_PRODUCTS_DIR)/LeafScrollView.app/LeafScrollView";
				FRAMEWORK_SEARCH_PATHS = (
					"$(SDKROOT)/Developer/Library/Frameworks",
					"$(inherited)",
					"$(DEVELOPER_FRAMEWORKS_DIR)",
				);
				GCC_PRECOMPILE_PREFIX_HEADER = YES;
				GCC_PREFIX_HEADER = "LeafScrollView/LeafScrollView-Prefix.pch";
				INFOPLIST_FILE = "LeafScrollViewTests/LeafScrollViewTests-Info.plist";
				PRODUCT_NAME = "$(TARGET_NAME)";
				TEST_HOST = "$(BUNDLE_LOADER)";
				WRAPPER_EXTENSION = xctest;
			};
			name = Release;
		};
/* End XCBuildConfiguration section */

/* Begin XCConfigurationList section */
		21A454391920C53F00B8F491 /* Build configuration list for PBXProject "LeafScrollView" */ = {
			isa = XCConfigurationList;
			buildConfigurations = (
				21A454711920C54000B8F491 /* Debug */,
				21A454721920C54000B8F491 /* Release */,
			);
			defaultConfigurationIsVisible = 0;
			defaultConfigurationName = Release;
		};
		21A454731920C54000B8F491 /* Build configuration list for PBXNativeTarget "LeafScrollView" */ = {
			isa = XCConfigurationList;
			buildConfigurations = (
				21A454741920C54000B8F491 /* Debug */,
				21A454751920C54000B8F491 /* Release */,
			);
			defaultConfigurationIsVisible = 0;
		};
		21A454761920C54000B8F491 /* Build configuration list for PBXNativeTarget "LeafScrollViewTests" */ = {
			isa = XCConfigurationList;
			buildConfigurations = (
				21A454771920C54000B8F491 /* Debug */,
				21A454781920C54000B8F491 /* Release */,
			);
			defaultConfigurationIsVisible = 0;
		};
/* End XCConfigurationList section */
	};
	rootObject = 21A454361920C53F00B8F491 /* Project object */;
}
